
Microsoft Visual Studio Solution File, Format Version 12.00
# Visual Studio Version 16
VisualStudioVersion = 16.0.30011.22
MinimumVisualStudioVersion = 10.0.40219.1
Project("{9A19103F-16F7-4668-BE54-9A1E7A4F7556}") = "SharesiesToSharesight", "src\SharesiesToSharesight\SharesiesToSharesight.csproj", "{9B71EBA0-D169-434B-A073-065DBCE0DA4E}"
EndProject
Project("{9A19103F-16F7-4668-BE54-9A1E7A4F7556}") = "SharesiesToSharesight.Tests", "test\SharesiesToSharesight.Tests\SharesiesToSharesight.Tests.csproj", "{D45929C7-77D4-46E4-A7B6-A5D6F651B21B}"
EndProject
Global
	GlobalSection(SolutionConfigurationPlatforms) = preSolution
		Debug|Any CPU = Debug|Any CPU
		Release|Any CPU = Release|Any CPU
	EndGlobalSection
	GlobalSection(ProjectConfigurationPlatforms) = postSolution
		{9B71EBA0-D169-434B-A073-065DBCE0DA4E}.Debug|Any CPU.ActiveCfg = Debug|Any CPU
		{9B71EBA0-D169-434B-A073-065DBCE0DA4E}.Debug|Any CPU.Build.0 = Debug|Any CPU
		{9B71EBA0-D169-434B-A073-065DBCE0DA4E}.Release|Any CPU.ActiveCfg = Release|Any CPU
		{9B71EBA0-D169-434B-A073-065DBCE0DA4E}.Release|Any CPU.Build.0 = Release|Any CPU
		{D45929C7-77D4-46E4-A7B6-A5D6F651B21B}.Debug|Any CPU.ActiveCfg = Debug|Any CPU
		{D45929C7-77D4-46E4-A7B6-A5D6F651B21B}.Debug|Any CPU.Build.0 = Debug|Any CPU
		{D45929C7-77D4-46E4-A7B6-A5D6F651B21B}.Release|Any CPU.ActiveCfg = Release|Any CPU
		{D45929C7-77D4-46E4-A7B6-A5D6F651B21B}.Release|Any CPU.Build.0 = Release|Any CPU
		{0774FB02-A0BD-4CE1-9CA4-89722165334B}.Debug|Any CPU.ActiveCfg = Debug|Any CPU
		{0774FB02-A0BD-4CE1-9CA4-89722165334B}.Debug|Any CPU.Build.0 = Debug|Any CPU
		{0774FB02-A0BD-4CE1-9CA4-89722165334B}.Release|Any CPU.ActiveCfg = Release|Any CPU
		{0774FB02-A0BD-4CE1-9CA4-89722165334B}.Release|Any CPU.Build.0 = Release|Any CPU
	EndGlobalSection
	GlobalSection(SolutionProperties) = preSolution
		HideSolutionNode = FALSE
	EndGlobalSection
	GlobalSection(ExtensibilityGlobals) = postSolution
		SolutionGuid = {29F7ADD1-0BB1-4813-952B-B78F893352D7}
	EndGlobalSection
EndGlobal
